# Generated by mlang pkg. Do not edit manually.
version = 1

[[package]]
manifest = "mlang.toml"
name = "vst3sdk"
source = "git"
url = "https://github.com/steinbergmedia/vst3sdk.git"
requested_rev = "3cdf9ca5d1f5b1b21e0a86832aa4abe55607bd96"
revision = "3cdf9ca5d1f5b1b21e0a86832aa4abe55607bd96"
submodules = true
